
Microsoft Visual Studio Solution File, Format Version 12.00
# Visual Studio Version 17
VisualStudioVersion = 17.5.33502.453
MinimumVisualStudioVersion = 10.0.40219.1
Project("{FAE04EC0-301F-11D3-BF4B-00C04F79EFBC}") = "SampleDelegateApp", "SampleDelegateApp.csproj", "{CD82D446-084D-4191-B3D5-A042D5083E28}"
EndProject
Global
	GlobalSection(SolutionConfigurationPlatforms) = preSolution
		Debug|Any CPU = Debug|Any CPU
		Release|Any CPU = Release|Any CPU
	EndGlobalSection
	GlobalSection(ProjectConfigurationPlatforms) = postSolution
		{CD82D446-084D-4191-B3D5-A042D5083E28}.Debug|Any CPU.ActiveCfg = Debug|Any CPU
		{CD82D446-084D-4191-B3D5-A042D5083E28}.Debug|Any CPU.Build.0 = Debug|Any CPU
		{CD82D446-084D-4191-B3D5-A042D5083E28}.Release|Any CPU.ActiveCfg = Release|Any CPU
		{CD82D446-084D-4191-B3D5-A042D5083E28}.Release|Any CPU.Build.0 = Release|Any CPU
	EndGlobalSection
	GlobalSection(SolutionProperties) = preSolution
		HideSolutionNode = FALSE
	EndGlobalSection
	GlobalSection(ExtensibilityGlobals) = postSolution
		SolutionGuid = {31FDCD67-184F-458C-B906-2F4878D5AC24}
	EndGlobalSection
EndGlobal
